
Microsoft Visual Studio Solution File, Format Version 12.00
# Visual Studio 2012
Project("{FAE04EC0-301F-11D3-BF4B-00C04F79EFBC}") = "PYPProfileDotNet", "PYPProfileDotNet\PYPProfileDotNet.csproj", "{78E70B9D-6886-4B1A-9B02-BEB497091F6F}"
EndProject
Project("{FAE04EC0-301F-11D3-BF4B-00C04F79EFBC}") = "PYPProfileDotNet.Tests", "PYPProfileDotNet.Tests\PYPProfileDotNet.Tests.csproj", "{CD78ABCF-1EC9-4FB4-A5C6-29B32B86D923}"
EndProject
Global
	GlobalSection(SolutionConfigurationPlatforms) = preSolution
		Debug|Any CPU = Debug|Any CPU
		Release|Any CPU = Release|Any CPU
	EndGlobalSection
	GlobalSection(ProjectConfigurationPlatforms) = postSolution
		{78E70B9D-6886-4B1A-9B02-BEB497091F6F}.Debug|Any CPU.ActiveCfg = Debug|Any CPU
		{78E70B9D-6886-4B1A-9B02-BEB497091F6F}.Debug|Any CPU.Build.0 = Debug|Any CPU
		{78E70B9D-6886-4B1A-9B02-BEB497091F6F}.Release|Any CPU.ActiveCfg = Release|Any CPU
		{78E70B9D-6886-4B1A-9B02-BEB497091F6F}.Release|Any CPU.Build.0 = Release|Any CPU
		{CD78ABCF-1EC9-4FB4-A5C6-29B32B86D923}.Debug|Any CPU.ActiveCfg = Debug|Any CPU
		{CD78ABCF-1EC9-4FB4-A5C6-29B32B86D923}.Debug|Any CPU.Build.0 = Debug|Any CPU
		{CD78ABCF-1EC9-4FB4-A5C6-29B32B86D923}.Release|Any CPU.ActiveCfg = Release|Any CPU
		{CD78ABCF-1EC9-4FB4-A5C6-29B32B86D923}.Release|Any CPU.Build.0 = Release|Any CPU
	EndGlobalSection
	GlobalSection(SolutionProperties) = preSolution
		HideSolutionNode = FALSE
	EndGlobalSection
EndGlobal
